{
  "requires": true,
  "lockfileVersion": 1,
  "dependencies": {
    "@unumux/theme-coloniallife-default": {
      "version": "0.3.11",
      "resolved": "https://registry.npmjs.org/@unumux/theme-coloniallife-default/-/theme-coloniallife-default-0.3.11.tgz",
      "integrity": "sha512-/Xx51Isj0WxIuzlST6zOWe221fs5RknVI3BhoNbphuKnIF6XUcjTO6OjINIda1k2S6nm8mw1D232BTcZZOWzyg=="
    },
    "@unumux/theme-unum-default": {
      "version": "0.3.11",
      "resolved": "https://registry.npmjs.org/@unumux/theme-unum-default/-/theme-unum-default-0.3.11.tgz",
      "integrity": "sha512-1HoNwzH6xJWs4fgQX1/JBMiBhatVTnxLgma6DKZqjIl2k6Qd5ueY5RsJeVQHDlMT0f/2Si2krEiWT61qdURUFQ=="
    },
    "@unumux/ux-build-tools": {
      "version": "3.6.0",
      "resolved": "https://registry.npmjs.org/@unumux/ux-build-tools/-/ux-build-tools-3.6.0.tgz",
      "integrity": "sha1-uRLJF4T7mPMf4npEcE8jKtauqVI=",
      "dev": true
    },
    "@unumux/willow": {
      "version": "0.1.19",
      "resolved": "https://registry.npmjs.org/@unumux/willow/-/willow-0.1.19.tgz",
      "integrity": "sha512-5tzsieh6F4eQMqkoyRLnl/mYE4dzUpEx/HtiZFFtAPNtXAlBgcylaBwCGI33d0swN7KGE13XAGJT9O/YSekcug=="
    }
  }
}
